
Microsoft Visual Studio Solution File, Format Version 12.00
# Visual Studio Version 17
VisualStudioVersion = 17.8.34511.84
MinimumVisualStudioVersion = 10.0.40219.1
Project("{FAE04EC0-301F-11D3-BF4B-00C04F79EFBC}") = "SchoolData", "SchoolData\SchoolData.csproj", "{4A8DC7AC-E0CC-454E-BB0E-4397077D3F0D}"
EndProject
Project("{FAE04EC0-301F-11D3-BF4B-00C04F79EFBC}") = "SchoolDataLibrary", "SchoolDataLibrary\SchoolDataLibrary.csproj", "{BDECBB14-2DD0-4A10-B7BD-083D5417EFE4}"
EndProject
Global
	GlobalSection(SolutionConfigurationPlatforms) = preSolution
		Debug|Any CPU = Debug|Any CPU
		Release|Any CPU = Release|Any CPU
	EndGlobalSection
	GlobalSection(ProjectConfigurationPlatforms) = postSolution
		{4A8DC7AC-E0CC-454E-BB0E-4397077D3F0D}.Debug|Any CPU.ActiveCfg = Debug|Any CPU
		{4A8DC7AC-E0CC-454E-BB0E-4397077D3F0D}.Debug|Any CPU.Build.0 = Debug|Any CPU
		{4A8DC7AC-E0CC-454E-BB0E-4397077D3F0D}.Release|Any CPU.ActiveCfg = Release|Any CPU
		{4A8DC7AC-E0CC-454E-BB0E-4397077D3F0D}.Release|Any CPU.Build.0 = Release|Any CPU
		{BDECBB14-2DD0-4A10-B7BD-083D5417EFE4}.Debug|Any CPU.ActiveCfg = Debug|Any CPU
		{BDECBB14-2DD0-4A10-B7BD-083D5417EFE4}.Debug|Any CPU.Build.0 = Debug|Any CPU
		{BDECBB14-2DD0-4A10-B7BD-083D5417EFE4}.Release|Any CPU.ActiveCfg = Release|Any CPU
		{BDECBB14-2DD0-4A10-B7BD-083D5417EFE4}.Release|Any CPU.Build.0 = Release|Any CPU
	EndGlobalSection
	GlobalSection(SolutionProperties) = preSolution
		HideSolutionNode = FALSE
	EndGlobalSection
	GlobalSection(ExtensibilityGlobals) = postSolution
		SolutionGuid = {5531BA98-AC9B-403E-9DC8-421482D3576A}
	EndGlobalSection
EndGlobal
